# This file was autogenerated by Stack.
# You should not edit this file by hand.
# For more information, please see the documentation at:
#   https://docs.haskellstack.org/en/stable/lock_files

packages:
- completed:
    hackage: hspec-need-env-0.1.0.6@sha256:1cef9b5a87e95a9d1d6305ea2595d874c2088ebc349ce15f7bfa6058296549f7,2175
    pantry-tree:
      size: 502
      sha256: 3cc840d50471922a6580e7ffdc0fd3856bdcd4e7bc3fdacad60943b139cf0f5a
  original:
    hackage: hspec-need-env-0.1.0.6
snapshots:
- completed:
    size: 509471
    url: https://raw.githubusercontent.com/commercialhaskell/stackage-snapshots/master/lts/12/26.yaml
    sha256: 95f014df58d0679b1c4a2b7bf2b652b61da8d30de5f571abb0d59015ef678646
  original: lts-12.26
